
Microsoft Visual Studio Solution File, Format Version 12.00
# Visual Studio 2012
Project("{FAE04EC0-301F-11D3-BF4B-00C04F79EFBC}") = "DTTOOLS", "GDITOOLS\DTTOOLS.csproj", "{33AAC046-44D9-4B7D-822A-81ECB63A931E}"
EndProject
Project("{FAE04EC0-301F-11D3-BF4B-00C04F79EFBC}") = "testgdi", "testgdi\testgdi.csproj", "{74D0BAD5-43A2-462C-AC1F-09092DC6419F}"
EndProject
Global
	GlobalSection(SolutionConfigurationPlatforms) = preSolution
		Debug|Any CPU = Debug|Any CPU
		Release|Any CPU = Release|Any CPU
	EndGlobalSection
	GlobalSection(ProjectConfigurationPlatforms) = postSolution
		{33AAC046-44D9-4B7D-822A-81ECB63A931E}.Debug|Any CPU.ActiveCfg = Debug|Any CPU
		{33AAC046-44D9-4B7D-822A-81ECB63A931E}.Debug|Any CPU.Build.0 = Debug|Any CPU
		{33AAC046-44D9-4B7D-822A-81ECB63A931E}.Release|Any CPU.ActiveCfg = Release|Any CPU
		{33AAC046-44D9-4B7D-822A-81ECB63A931E}.Release|Any CPU.Build.0 = Release|Any CPU
		{74D0BAD5-43A2-462C-AC1F-09092DC6419F}.Debug|Any CPU.ActiveCfg = Debug|Any CPU
		{74D0BAD5-43A2-462C-AC1F-09092DC6419F}.Debug|Any CPU.Build.0 = Debug|Any CPU
		{74D0BAD5-43A2-462C-AC1F-09092DC6419F}.Release|Any CPU.ActiveCfg = Debug|x86
		{74D0BAD5-43A2-462C-AC1F-09092DC6419F}.Release|Any CPU.Build.0 = Debug|x86
	EndGlobalSection
	GlobalSection(SolutionProperties) = preSolution
		HideSolutionNode = FALSE
	EndGlobalSection
EndGlobal
